
Microsoft Visual Studio Solution File, Format Version 12.00
# Visual Studio Version 16
VisualStudioVersion = 16.0.29503.13
MinimumVisualStudioVersion = 10.0.40219.1
Project("{FAE04EC0-301F-11D3-BF4B-00C04F79EFBC}") = "C2 Validator", "C2 Validator\C2 Validator.csproj", "{794D46BC-C1BB-495E-BF9F-A0A9930BAE72}"
EndProject
Global
	GlobalSection(SolutionConfigurationPlatforms) = preSolution
		Debug|Any CPU = Debug|Any CPU
		Release|Any CPU = Release|Any CPU
	EndGlobalSection
	GlobalSection(ProjectConfigurationPlatforms) = postSolution
		{794D46BC-C1BB-495E-BF9F-A0A9930BAE72}.Debug|Any CPU.ActiveCfg = Debug|Any CPU
		{794D46BC-C1BB-495E-BF9F-A0A9930BAE72}.Debug|Any CPU.Build.0 = Debug|Any CPU
		{794D46BC-C1BB-495E-BF9F-A0A9930BAE72}.Release|Any CPU.ActiveCfg = Release|Any CPU
		{794D46BC-C1BB-495E-BF9F-A0A9930BAE72}.Release|Any CPU.Build.0 = Release|Any CPU
	EndGlobalSection
	GlobalSection(SolutionProperties) = preSolution
		HideSolutionNode = FALSE
	EndGlobalSection
	GlobalSection(ExtensibilityGlobals) = postSolution
		SolutionGuid = {0AA075A0-7AA0-487A-89EB-EF3DF1857885}
	EndGlobalSection
EndGlobal
